
Microsoft Visual Studio Solution File, Format Version 12.00
# Visual Studio 15
VisualStudioVersion = 15.0.27703.2042
MinimumVisualStudioVersion = 10.0.40219.1
Project("{8BC9CEB8-8B4A-11D0-8D11-00A0C91BC942}") = "Exercise 7", "Exercise 7\Exercise 7.vcxproj", "{94FDBF5B-28E7-4AA8-804B-004E9A7B620B}"
EndProject
Global
	GlobalSection(SolutionConfigurationPlatforms) = preSolution
		Debug|x64 = Debug|x64
		Debug|x86 = Debug|x86
		Release|x64 = Release|x64
		Release|x86 = Release|x86
	EndGlobalSection
	GlobalSection(ProjectConfigurationPlatforms) = postSolution
		{94FDBF5B-28E7-4AA8-804B-004E9A7B620B}.Debug|x64.ActiveCfg = Debug|x64
		{94FDBF5B-28E7-4AA8-804B-004E9A7B620B}.Debug|x64.Build.0 = Debug|x64
		{94FDBF5B-28E7-4AA8-804B-004E9A7B620B}.Debug|x86.ActiveCfg = Debug|Win32
		{94FDBF5B-28E7-4AA8-804B-004E9A7B620B}.Debug|x86.Build.0 = Debug|Win32
		{94FDBF5B-28E7-4AA8-804B-004E9A7B620B}.Release|x64.ActiveCfg = Release|x64
		{94FDBF5B-28E7-4AA8-804B-004E9A7B620B}.Release|x64.Build.0 = Release|x64
		{94FDBF5B-28E7-4AA8-804B-004E9A7B620B}.Release|x86.ActiveCfg = Release|Win32
		{94FDBF5B-28E7-4AA8-804B-004E9A7B620B}.Release|x86.Build.0 = Release|Win32
	EndGlobalSection
	GlobalSection(SolutionProperties) = preSolution
		HideSolutionNode = FALSE
	EndGlobalSection
	GlobalSection(ExtensibilityGlobals) = postSolution
		SolutionGuid = {47EEC4C2-CFCA-45EC-AE37-29041CDE8202}
	EndGlobalSection
EndGlobal
